{
  "version": 4,
  "terraform_version": "1.3.7",
  "serial": 54,
  "lineage": "1c3bc819-6c61-0418-583c-a633fb9e0f01",
  "outputs": {},
  "resources": [
    {
      "mode": "managed",
      "type": "azurerm_linux_virtual_machine",
      "name": "vms",
      "provider": "provider[\"registry.terraform.io/hashicorp/azurerm\"]",
      "instances": [
        {
          "index_key": "ansibleUbuntu",
          "schema_version": 0,
          "attributes": {
            "additional_capabilities": [],
            "admin_password": null,
            "admin_ssh_key": [
              {
                "public_key": "ssh-rsa AAAAB3NzaC1yc2EAAAADAQABAAABgQDKsERMCQqsyj0ik4b2vh2RdRNlsVsaP29x4X/7RcjmEuRycRNn/L9AovysVZil26xxbSAMifaD+khlDSX9YtGvRXwLMNiFod/bkKFrATyAp3FH4vQP72h+udvB+OAjuK3pHFGszdhXBzuePWITUEkvB2s9jKWIyNNL/BqXynB2+1s69NpaBOUZmeRTWHxv1YLO0PJcMay9fVgxAl5K8kcwawQvBSdZLGZRt8oASXcYyVXYuimCGRKb1wMOKY86r5vYMWQZ3zQ/RzSxa7bTxm28+P7gvCG8y4Ojkpjguk3OJp38fFBCnGo51RkoGIrZy900UnCNOdhRinE9dE5rh75pD7JWAN9RMP90KgCjp6Rcuo8LnLPK/wXv8GbbGaAlbnQ5fCUCylkP5xa/wgNUL1H2EHmdBjJSn/5du3Yz+FBu9/ZUI9MqKN6kaIFcH/cABlZrW1drtn0WRdj+qUlRyXwzO95OlRxG56LBNO8EMdRPgzV3hC4yG/0fWpyfd15NUSs= Edi@macbook-pro.home\n",
                "username": "eleimigsec"
              }
            ],
            "admin_username": "eleimigsec",
            "allow_extension_operations": true,
            "availability_set_id": "",
            "boot_diagnostics": [],
            "computer_name": "ansibleUbuntu",
            "custom_data": null,
            "dedicated_host_group_id": "",
            "dedicated_host_id": "",
            "disable_password_authentication": true,
            "edge_zone": "",
            "encryption_at_host_enabled": false,
            "eviction_policy": "",
            "extensions_time_budget": "PT1H30M",
            "id": "/subscriptions/3dcbe80f-9bb7-4c46-885d-0b3044d0030e/resourceGroups/ansible_lab/providers/Microsoft.Compute/virtualMachines/ansibleUbuntu",
            "identity": [],
            "license_type": "",
            "location": "swedencentral",
            "max_bid_price": -1,
            "name": "ansibleUbuntu",
            "network_interface_ids": [
              "/subscriptions/3dcbe80f-9bb7-4c46-885d-0b3044d0030e/resourceGroups/ansible_lab/providers/Microsoft.Network/networkInterfaces/nic_ansibleUbuntu"
            ],
            "os_disk": [
              {
                "caching": "ReadWrite",
                "diff_disk_settings": [],
                "disk_encryption_set_id": "",
                "disk_size_gb": 30,
                "name": "ansibleUbuntu_OsDisk_1_1355229d966c4dc4906484a19dab5866",
                "storage_account_type": "Standard_LRS",
                "write_accelerator_enabled": false
              }
            ],
            "patch_mode": "ImageDefault",
            "plan": [],
            "platform_fault_domain": -1,
            "priority": "Regular",
            "private_ip_address": "10.10.2.4",
            "private_ip_addresses": [
              "10.10.2.4"
            ],
            "provision_vm_agent": true,
            "proximity_placement_group_id": "",
            "public_ip_address": "",
            "public_ip_addresses": [],
            "resource_group_name": "ansible_lab",
            "secret": [],
            "secure_boot_enabled": false,
            "size": "Standard_B2ms",
            "source_image_id": "",
            "source_image_reference": [
              {
                "offer": "0001-com-ubuntu-server-jammy",
                "publisher": "Canonical",
                "sku": "22_04-lts",
                "version": "latest"
              }
            ],
            "tags": {},
            "termination_notification": [],
            "timeouts": null,
            "user_data": "",
            "virtual_machine_id": "9dc6802e-8955-4609-a3fa-53da046c6fef",
            "virtual_machine_scale_set_id": "",
            "vtpm_enabled": false,
            "zone": ""
          },
          "sensitive_attributes": [],
          "private": "eyJlMmJmYjczMC1lY2FhLTExZTYtOGY4OC0zNDM2M2JjN2M0YzAiOnsiY3JlYXRlIjoyNzAwMDAwMDAwMDAwLCJkZWxldGUiOjI3MDAwMDAwMDAwMDAsInJlYWQiOjMwMDAwMDAwMDAwMCwidXBkYXRlIjoyNzAwMDAwMDAwMDAwfX0=",
          "dependencies": [
            "azurerm_network_interface.nic",
            "azurerm_resource_group.rg",
            "azurerm_subnet.subnet",
            "azurerm_virtual_network.vnet"
          ]
        },
        {
          "index_key": "workerCentos",
          "schema_version": 0,
          "attributes": {
            "additional_capabilities": [],
            "admin_password": null,
            "admin_ssh_key": [
              {
                "public_key": "ssh-rsa AAAAB3NzaC1yc2EAAAADAQABAAABgQDKsERMCQqsyj0ik4b2vh2RdRNlsVsaP29x4X/7RcjmEuRycRNn/L9AovysVZil26xxbSAMifaD+khlDSX9YtGvRXwLMNiFod/bkKFrATyAp3FH4vQP72h+udvB+OAjuK3pHFGszdhXBzuePWITUEkvB2s9jKWIyNNL/BqXynB2+1s69NpaBOUZmeRTWHxv1YLO0PJcMay9fVgxAl5K8kcwawQvBSdZLGZRt8oASXcYyVXYuimCGRKb1wMOKY86r5vYMWQZ3zQ/RzSxa7bTxm28+P7gvCG8y4Ojkpjguk3OJp38fFBCnGo51RkoGIrZy900UnCNOdhRinE9dE5rh75pD7JWAN9RMP90KgCjp6Rcuo8LnLPK/wXv8GbbGaAlbnQ5fCUCylkP5xa/wgNUL1H2EHmdBjJSn/5du3Yz+FBu9/ZUI9MqKN6kaIFcH/cABlZrW1drtn0WRdj+qUlRyXwzO95OlRxG56LBNO8EMdRPgzV3hC4yG/0fWpyfd15NUSs= Edi@macbook-pro.home\n",
                "username": "eleimigsec"
              }
            ],
            "admin_username": "eleimigsec",
            "allow_extension_operations": true,
            "availability_set_id": "",
            "boot_diagnostics": [],
            "computer_name": "workerCentos",
            "custom_data": null,
            "dedicated_host_group_id": "",
            "dedicated_host_id": "",
            "disable_password_authentication": true,
            "edge_zone": "",
            "encryption_at_host_enabled": false,
            "eviction_policy": "",
            "extensions_time_budget": "PT1H30M",
            "id": "/subscriptions/3dcbe80f-9bb7-4c46-885d-0b3044d0030e/resourceGroups/ansible_lab/providers/Microsoft.Compute/virtualMachines/workerCentos",
            "identity": [],
            "license_type": "",
            "location": "swedencentral",
            "max_bid_price": -1,
            "name": "workerCentos",
            "network_interface_ids": [
              "/subscriptions/3dcbe80f-9bb7-4c46-885d-0b3044d0030e/resourceGroups/ansible_lab/providers/Microsoft.Network/networkInterfaces/nic_workerCentos"
            ],
            "os_disk": [
              {
                "caching": "ReadWrite",
                "diff_disk_settings": [],
                "disk_encryption_set_id": "",
                "disk_size_gb": 30,
                "name": "workerCentos_OsDisk_1_11479273a12c44768ebb3a77adb78b5d",
                "storage_account_type": "Standard_LRS",
                "write_accelerator_enabled": false
              }
            ],
            "patch_mode": "ImageDefault",
            "plan": [],
            "platform_fault_domain": -1,
            "priority": "Regular",
            "private_ip_address": "10.10.2.6",
            "private_ip_addresses": [
              "10.10.2.6"
            ],
            "provision_vm_agent": true,
            "proximity_placement_group_id": "",
            "public_ip_address": "",
            "public_ip_addresses": [],
            "resource_group_name": "ansible_lab",
            "secret": [],
            "secure_boot_enabled": false,
            "size": "Standard_B2ms",
            "source_image_id": "",
            "source_image_reference": [
              {
                "offer": "CentOS",
                "publisher": "OpenLogic",
                "sku": "8_5-gen2",
                "version": "latest"
              }
            ],
            "tags": {},
            "termination_notification": [],
            "timeouts": null,
            "user_data": "",
            "virtual_machine_id": "3fc1d8ab-25ef-46db-a844-8dbe445c7b65",
            "virtual_machine_scale_set_id": "",
            "vtpm_enabled": false,
            "zone": ""
          },
          "sensitive_attributes": [],
          "private": "eyJlMmJmYjczMC1lY2FhLTExZTYtOGY4OC0zNDM2M2JjN2M0YzAiOnsiY3JlYXRlIjoyNzAwMDAwMDAwMDAwLCJkZWxldGUiOjI3MDAwMDAwMDAwMDAsInJlYWQiOjMwMDAwMDAwMDAwMCwidXBkYXRlIjoyNzAwMDAwMDAwMDAwfX0=",
          "dependencies": [
            "azurerm_network_interface.nic",
            "azurerm_resource_group.rg",
            "azurerm_subnet.subnet",
            "azurerm_virtual_network.vnet"
          ]
        },
        {
          "index_key": "workerDebian",
          "schema_version": 0,
          "attributes": {
            "additional_capabilities": [],
            "admin_password": null,
            "admin_ssh_key": [
              {
                "public_key": "ssh-rsa AAAAB3NzaC1yc2EAAAADAQABAAABgQDKsERMCQqsyj0ik4b2vh2RdRNlsVsaP29x4X/7RcjmEuRycRNn/L9AovysVZil26xxbSAMifaD+khlDSX9YtGvRXwLMNiFod/bkKFrATyAp3FH4vQP72h+udvB+OAjuK3pHFGszdhXBzuePWITUEkvB2s9jKWIyNNL/BqXynB2+1s69NpaBOUZmeRTWHxv1YLO0PJcMay9fVgxAl5K8kcwawQvBSdZLGZRt8oASXcYyVXYuimCGRKb1wMOKY86r5vYMWQZ3zQ/RzSxa7bTxm28+P7gvCG8y4Ojkpjguk3OJp38fFBCnGo51RkoGIrZy900UnCNOdhRinE9dE5rh75pD7JWAN9RMP90KgCjp6Rcuo8LnLPK/wXv8GbbGaAlbnQ5fCUCylkP5xa/wgNUL1H2EHmdBjJSn/5du3Yz+FBu9/ZUI9MqKN6kaIFcH/cABlZrW1drtn0WRdj+qUlRyXwzO95OlRxG56LBNO8EMdRPgzV3hC4yG/0fWpyfd15NUSs= Edi@macbook-pro.home\n",
                "username": "eleimigsec"
              }
            ],
            "admin_username": "eleimigsec",
            "allow_extension_operations": true,
            "availability_set_id": "",
            "boot_diagnostics": [],
            "computer_name": "workerDebian",
            "custom_data": null,
            "dedicated_host_group_id": "",
            "dedicated_host_id": "",
            "disable_password_authentication": true,
            "edge_zone": "",
            "encryption_at_host_enabled": false,
            "eviction_policy": "",
            "extensions_time_budget": "PT1H30M",
            "id": "/subscriptions/3dcbe80f-9bb7-4c46-885d-0b3044d0030e/resourceGroups/ansible_lab/providers/Microsoft.Compute/virtualMachines/workerDebian",
            "identity": [],
            "license_type": "",
            "location": "swedencentral",
            "max_bid_price": -1,
            "name": "workerDebian",
            "network_interface_ids": [
              "/subscriptions/3dcbe80f-9bb7-4c46-885d-0b3044d0030e/resourceGroups/ansible_lab/providers/Microsoft.Network/networkInterfaces/nic_workerDebian"
            ],
            "os_disk": [
              {
                "caching": "ReadWrite",
                "diff_disk_settings": [],
                "disk_encryption_set_id": "",
                "disk_size_gb": 30,
                "name": "workerDebian_OsDisk_1_8b70b723c00342c5aae2162199132993",
                "storage_account_type": "Standard_LRS",
                "write_accelerator_enabled": false
              }
            ],
            "patch_mode": "ImageDefault",
            "plan": [],
            "platform_fault_domain": -1,
            "priority": "Regular",
            "private_ip_address": "10.10.2.5",
            "private_ip_addresses": [
              "10.10.2.5"
            ],
            "provision_vm_agent": true,
            "proximity_placement_group_id": "",
            "public_ip_address": "",
            "public_ip_addresses": [],
            "resource_group_name": "ansible_lab",
            "secret": [],
            "secure_boot_enabled": false,
            "size": "Standard_B2ms",
            "source_image_id": "",
            "source_image_reference": [
              {
                "offer": "debian-12",
                "publisher": "Debian",
                "sku": "12-gen2",
                "version": "latest"
              }
            ],
            "tags": {},
            "termination_notification": [],
            "timeouts": null,
            "user_data": "",
            "virtual_machine_id": "5f886b01-a3dc-4bf7-a496-0600a9b53095",
            "virtual_machine_scale_set_id": "",
            "vtpm_enabled": false,
            "zone": ""
          },
          "sensitive_attributes": [],
          "private": "eyJlMmJmYjczMC1lY2FhLTExZTYtOGY4OC0zNDM2M2JjN2M0YzAiOnsiY3JlYXRlIjoyNzAwMDAwMDAwMDAwLCJkZWxldGUiOjI3MDAwMDAwMDAwMDAsInJlYWQiOjMwMDAwMDAwMDAwMCwidXBkYXRlIjoyNzAwMDAwMDAwMDAwfX0=",
          "dependencies": [
            "azurerm_network_interface.nic",
            "azurerm_resource_group.rg",
            "azurerm_subnet.subnet",
            "azurerm_virtual_network.vnet"
          ]
        }
      ]
    },
    {
      "mode": "managed",
      "type": "azurerm_network_interface",
      "name": "nic",
      "provider": "provider[\"registry.terraform.io/hashicorp/azurerm\"]",
      "instances": [
        {
          "index_key": "ansibleUbuntu",
          "schema_version": 0,
          "attributes": {
            "applied_dns_servers": [],
            "dns_servers": [],
            "edge_zone": "",
            "enable_accelerated_networking": false,
            "enable_ip_forwarding": false,
            "id": "/subscriptions/3dcbe80f-9bb7-4c46-885d-0b3044d0030e/resourceGroups/ansible_lab/providers/Microsoft.Network/networkInterfaces/nic_ansibleUbuntu",
            "internal_dns_name_label": "",
            "internal_domain_name_suffix": "voekzwi2lofu1ccd4td0iah5eh.gvxx.internal.cloudapp.net",
            "ip_configuration": [
              {
                "gateway_load_balancer_frontend_ip_configuration_id": "",
                "name": "internal",
                "primary": true,
                "private_ip_address": "10.10.2.4",
                "private_ip_address_allocation": "Dynamic",
                "private_ip_address_version": "IPv4",
                "public_ip_address_id": "",
                "subnet_id": "/subscriptions/3dcbe80f-9bb7-4c46-885d-0b3044d0030e/resourceGroups/ansible_lab/providers/Microsoft.Network/virtualNetworks/vnetansiblelab/subnets/subnetansiblelab"
              }
            ],
            "location": "swedencentral",
            "mac_address": "60-45-BD-FD-6A-10",
            "name": "nic_ansibleUbuntu",
            "private_ip_address": "10.10.2.4",
            "private_ip_addresses": [
              "10.10.2.4"
            ],
            "resource_group_name": "ansible_lab",
            "tags": {},
            "timeouts": null,
            "virtual_machine_id": "/subscriptions/3dcbe80f-9bb7-4c46-885d-0b3044d0030e/resourceGroups/ansible_lab/providers/Microsoft.Compute/virtualMachines/ansibleUbuntu"
          },
          "sensitive_attributes": [],
          "private": "eyJlMmJmYjczMC1lY2FhLTExZTYtOGY4OC0zNDM2M2JjN2M0YzAiOnsiY3JlYXRlIjoxODAwMDAwMDAwMDAwLCJkZWxldGUiOjE4MDAwMDAwMDAwMDAsInJlYWQiOjMwMDAwMDAwMDAwMCwidXBkYXRlIjoxODAwMDAwMDAwMDAwfX0=",
          "dependencies": [
            "azurerm_resource_group.rg",
            "azurerm_subnet.subnet",
            "azurerm_virtual_network.vnet"
          ]
        },
        {
          "index_key": "workerCentos",
          "schema_version": 0,
          "attributes": {
            "applied_dns_servers": [],
            "dns_servers": [],
            "edge_zone": "",
            "enable_accelerated_networking": false,
            "enable_ip_forwarding": false,
            "id": "/subscriptions/3dcbe80f-9bb7-4c46-885d-0b3044d0030e/resourceGroups/ansible_lab/providers/Microsoft.Network/networkInterfaces/nic_workerCentos",
            "internal_dns_name_label": "",
            "internal_domain_name_suffix": "voekzwi2lofu1ccd4td0iah5eh.gvxx.internal.cloudapp.net",
            "ip_configuration": [
              {
                "gateway_load_balancer_frontend_ip_configuration_id": "",
                "name": "internal",
                "primary": true,
                "private_ip_address": "10.10.2.6",
                "private_ip_address_allocation": "Dynamic",
                "private_ip_address_version": "IPv4",
                "public_ip_address_id": "",
                "subnet_id": "/subscriptions/3dcbe80f-9bb7-4c46-885d-0b3044d0030e/resourceGroups/ansible_lab/providers/Microsoft.Network/virtualNetworks/vnetansiblelab/subnets/subnetansiblelab"
              }
            ],
            "location": "swedencentral",
            "mac_address": "60-45-BD-C8-C9-E1",
            "name": "nic_workerCentos",
            "private_ip_address": "10.10.2.6",
            "private_ip_addresses": [
              "10.10.2.6"
            ],
            "resource_group_name": "ansible_lab",
            "tags": {},
            "timeouts": null,
            "virtual_machine_id": "/subscriptions/3dcbe80f-9bb7-4c46-885d-0b3044d0030e/resourceGroups/ansible_lab/providers/Microsoft.Compute/virtualMachines/workerCentos"
          },
          "sensitive_attributes": [],
          "private": "eyJlMmJmYjczMC1lY2FhLTExZTYtOGY4OC0zNDM2M2JjN2M0YzAiOnsiY3JlYXRlIjoxODAwMDAwMDAwMDAwLCJkZWxldGUiOjE4MDAwMDAwMDAwMDAsInJlYWQiOjMwMDAwMDAwMDAwMCwidXBkYXRlIjoxODAwMDAwMDAwMDAwfX0=",
          "dependencies": [
            "azurerm_resource_group.rg",
            "azurerm_subnet.subnet",
            "azurerm_virtual_network.vnet"
          ]
        },
        {
          "index_key": "workerDebian",
          "schema_version": 0,
          "attributes": {
            "applied_dns_servers": [],
            "dns_servers": [],
            "edge_zone": "",
            "enable_accelerated_networking": false,
            "enable_ip_forwarding": false,
            "id": "/subscriptions/3dcbe80f-9bb7-4c46-885d-0b3044d0030e/resourceGroups/ansible_lab/providers/Microsoft.Network/networkInterfaces/nic_workerDebian",
            "internal_dns_name_label": "",
            "internal_domain_name_suffix": "voekzwi2lofu1ccd4td0iah5eh.gvxx.internal.cloudapp.net",
            "ip_configuration": [
              {
                "gateway_load_balancer_frontend_ip_configuration_id": "",
                "name": "internal",
                "primary": true,
                "private_ip_address": "10.10.2.5",
                "private_ip_address_allocation": "Dynamic",
                "private_ip_address_version": "IPv4",
                "public_ip_address_id": "",
                "subnet_id": "/subscriptions/3dcbe80f-9bb7-4c46-885d-0b3044d0030e/resourceGroups/ansible_lab/providers/Microsoft.Network/virtualNetworks/vnetansiblelab/subnets/subnetansiblelab"
              }
            ],
            "location": "swedencentral",
            "mac_address": "60-45-BD-FD-6F-2F",
            "name": "nic_workerDebian",
            "private_ip_address": "10.10.2.5",
            "private_ip_addresses": [
              "10.10.2.5"
            ],
            "resource_group_name": "ansible_lab",
            "tags": {},
            "timeouts": null,
            "virtual_machine_id": "/subscriptions/3dcbe80f-9bb7-4c46-885d-0b3044d0030e/resourceGroups/ansible_lab/providers/Microsoft.Compute/virtualMachines/workerDebian"
          },
          "sensitive_attributes": [],
          "private": "eyJlMmJmYjczMC1lY2FhLTExZTYtOGY4OC0zNDM2M2JjN2M0YzAiOnsiY3JlYXRlIjoxODAwMDAwMDAwMDAwLCJkZWxldGUiOjE4MDAwMDAwMDAwMDAsInJlYWQiOjMwMDAwMDAwMDAwMCwidXBkYXRlIjoxODAwMDAwMDAwMDAwfX0=",
          "dependencies": [
            "azurerm_resource_group.rg",
            "azurerm_subnet.subnet",
            "azurerm_virtual_network.vnet"
          ]
        }
      ]
    },
    {
      "mode": "managed",
      "type": "azurerm_network_interface",
      "name": "nicWin",
      "provider": "provider[\"registry.terraform.io/hashicorp/azurerm\"]",
      "instances": [
        {
          "schema_version": 0,
          "attributes": {
            "applied_dns_servers": [],
            "dns_servers": [],
            "edge_zone": "",
            "enable_accelerated_networking": false,
            "enable_ip_forwarding": false,
            "id": "/subscriptions/3dcbe80f-9bb7-4c46-885d-0b3044d0030e/resourceGroups/ansible_lab/providers/Microsoft.Network/networkInterfaces/nicWin",
            "internal_dns_name_label": "",
            "internal_domain_name_suffix": "voekzwi2lofu1ccd4td0iah5eh.gvxx.internal.cloudapp.net",
            "ip_configuration": [
              {
                "gateway_load_balancer_frontend_ip_configuration_id": "",
                "name": "internal",
                "primary": true,
                "private_ip_address": "10.10.2.7",
                "private_ip_address_allocation": "Dynamic",
                "private_ip_address_version": "IPv4",
                "public_ip_address_id": "",
                "subnet_id": "/subscriptions/3dcbe80f-9bb7-4c46-885d-0b3044d0030e/resourceGroups/ansible_lab/providers/Microsoft.Network/virtualNetworks/vnetansiblelab/subnets/subnetansiblelab"
              }
            ],
            "location": "swedencentral",
            "mac_address": "",
            "name": "nicWin",
            "private_ip_address": "10.10.2.7",
            "private_ip_addresses": [
              "10.10.2.7"
            ],
            "resource_group_name": "ansible_lab",
            "tags": null,
            "timeouts": null,
            "virtual_machine_id": ""
          },
          "sensitive_attributes": [],
          "private": "eyJlMmJmYjczMC1lY2FhLTExZTYtOGY4OC0zNDM2M2JjN2M0YzAiOnsiY3JlYXRlIjoxODAwMDAwMDAwMDAwLCJkZWxldGUiOjE4MDAwMDAwMDAwMDAsInJlYWQiOjMwMDAwMDAwMDAwMCwidXBkYXRlIjoxODAwMDAwMDAwMDAwfX0=",
          "dependencies": [
            "azurerm_resource_group.rg",
            "azurerm_subnet.subnet"
          ]
        }
      ]
    },
    {
      "mode": "managed",
      "type": "azurerm_network_security_group",
      "name": "secgru",
      "provider": "provider[\"registry.terraform.io/hashicorp/azurerm\"]",
      "instances": [
        {
          "schema_version": 0,
          "attributes": {
            "id": "/subscriptions/3dcbe80f-9bb7-4c46-885d-0b3044d0030e/resourceGroups/ansible_lab/providers/Microsoft.Network/networkSecurityGroups/SecurityGroupAnsibleTest",
            "location": "swedencentral",
            "name": "SecurityGroupAnsibleTest",
            "resource_group_name": "ansible_lab",
            "security_rule": [
              {
                "access": "Allow",
                "description": "",
                "destination_address_prefix": "*",
                "destination_address_prefixes": [],
                "destination_application_security_group_ids": [],
                "destination_port_range": "*",
                "destination_port_ranges": [],
                "direction": "Inbound",
                "name": "ansibletest",
                "priority": 100,
                "protocol": "Tcp",
                "source_address_prefix": "*",
                "source_address_prefixes": [],
                "source_application_security_group_ids": [],
                "source_port_range": "*",
                "source_port_ranges": []
              }
            ],
            "tags": {},
            "timeouts": null
          },
          "sensitive_attributes": [],
          "private": "eyJlMmJmYjczMC1lY2FhLTExZTYtOGY4OC0zNDM2M2JjN2M0YzAiOnsiY3JlYXRlIjoxODAwMDAwMDAwMDAwLCJkZWxldGUiOjE4MDAwMDAwMDAwMDAsInJlYWQiOjMwMDAwMDAwMDAwMCwidXBkYXRlIjoxODAwMDAwMDAwMDAwfX0=",
          "dependencies": [
            "azurerm_resource_group.rg"
          ]
        }
      ]
    },
    {
      "mode": "managed",
      "type": "azurerm_resource_group",
      "name": "rg",
      "provider": "provider[\"registry.terraform.io/hashicorp/azurerm\"]",
      "instances": [
        {
          "schema_version": 0,
          "attributes": {
            "id": "/subscriptions/3dcbe80f-9bb7-4c46-885d-0b3044d0030e/resourceGroups/ansible_lab",
            "location": "swedencentral",
            "name": "ansible_lab",
            "tags": {},
            "timeouts": null
          },
          "sensitive_attributes": [],
          "private": "eyJlMmJmYjczMC1lY2FhLTExZTYtOGY4OC0zNDM2M2JjN2M0YzAiOnsiY3JlYXRlIjo1NDAwMDAwMDAwMDAwLCJkZWxldGUiOjU0MDAwMDAwMDAwMDAsInJlYWQiOjMwMDAwMDAwMDAwMCwidXBkYXRlIjo1NDAwMDAwMDAwMDAwfX0="
        }
      ]
    },
    {
      "mode": "managed",
      "type": "azurerm_subnet",
      "name": "subnet",
      "provider": "provider[\"registry.terraform.io/hashicorp/azurerm\"]",
      "instances": [
        {
          "schema_version": 0,
          "attributes": {
            "address_prefixes": [
              "10.10.2.0/24"
            ],
            "delegation": [],
            "enforce_private_link_endpoint_network_policies": false,
            "enforce_private_link_service_network_policies": false,
            "id": "/subscriptions/3dcbe80f-9bb7-4c46-885d-0b3044d0030e/resourceGroups/ansible_lab/providers/Microsoft.Network/virtualNetworks/vnetansiblelab/subnets/subnetansiblelab",
            "name": "subnetansiblelab",
            "resource_group_name": "ansible_lab",
            "service_endpoint_policy_ids": [],
            "service_endpoints": [],
            "timeouts": null,
            "virtual_network_name": "vnetansiblelab"
          },
          "sensitive_attributes": [],
          "private": "eyJlMmJmYjczMC1lY2FhLTExZTYtOGY4OC0zNDM2M2JjN2M0YzAiOnsiY3JlYXRlIjoxODAwMDAwMDAwMDAwLCJkZWxldGUiOjE4MDAwMDAwMDAwMDAsInJlYWQiOjMwMDAwMDAwMDAwMCwidXBkYXRlIjoxODAwMDAwMDAwMDAwfX0=",
          "dependencies": [
            "azurerm_resource_group.rg",
            "azurerm_virtual_network.vnet"
          ]
        }
      ]
    },
    {
      "mode": "managed",
      "type": "azurerm_virtual_network",
      "name": "vnet",
      "provider": "provider[\"registry.terraform.io/hashicorp/azurerm\"]",
      "instances": [
        {
          "schema_version": 0,
          "attributes": {
            "address_space": [
              "10.10.0.0/16"
            ],
            "bgp_community": "",
            "ddos_protection_plan": [],
            "dns_servers": [],
            "edge_zone": "",
            "flow_timeout_in_minutes": 0,
            "guid": "d9ac88ab-5b1c-4d8b-8843-f4c7a400ff27",
            "id": "/subscriptions/3dcbe80f-9bb7-4c46-885d-0b3044d0030e/resourceGroups/ansible_lab/providers/Microsoft.Network/virtualNetworks/vnetansiblelab",
            "location": "swedencentral",
            "name": "vnetansiblelab",
            "resource_group_name": "ansible_lab",
            "subnet": [
              {
                "address_prefix": "10.10.2.0/24",
                "id": "/subscriptions/3dcbe80f-9bb7-4c46-885d-0b3044d0030e/resourceGroups/ansible_lab/providers/Microsoft.Network/virtualNetworks/vnetansiblelab/subnets/subnetansiblelab",
                "name": "subnetansiblelab",
                "security_group": ""
              }
            ],
            "tags": {},
            "timeouts": null
          },
          "sensitive_attributes": [],
          "private": "eyJlMmJmYjczMC1lY2FhLTExZTYtOGY4OC0zNDM2M2JjN2M0YzAiOnsiY3JlYXRlIjoxODAwMDAwMDAwMDAwLCJkZWxldGUiOjE4MDAwMDAwMDAwMDAsInJlYWQiOjMwMDAwMDAwMDAwMCwidXBkYXRlIjoxODAwMDAwMDAwMDAwfX0=",
          "dependencies": [
            "azurerm_resource_group.rg"
          ]
        }
      ]
    },
    {
      "mode": "managed",
      "type": "azurerm_windows_virtual_machine",
      "name": "win_vm",
      "provider": "provider[\"registry.terraform.io/hashicorp/azurerm\"]",
      "instances": [
        {
          "schema_version": 0,
          "attributes": {
            "additional_capabilities": [],
            "additional_unattend_content": [],
            "admin_password": "#Edi86252315",
            "admin_username": "eleimigsec",
            "allow_extension_operations": true,
            "availability_set_id": "",
            "boot_diagnostics": [],
            "computer_name": "workerWin2016",
            "custom_data": null,
            "dedicated_host_group_id": "",
            "dedicated_host_id": "",
            "edge_zone": "",
            "enable_automatic_updates": true,
            "encryption_at_host_enabled": false,
            "eviction_policy": "",
            "extensions_time_budget": "PT1H30M",
            "hotpatching_enabled": false,
            "id": "/subscriptions/3dcbe80f-9bb7-4c46-885d-0b3044d0030e/resourceGroups/ansible_lab/providers/Microsoft.Compute/virtualMachines/workerWin2016",
            "identity": [],
            "license_type": "",
            "location": "swedencentral",
            "max_bid_price": -1,
            "name": "workerWin2016",
            "network_interface_ids": [
              "/subscriptions/3dcbe80f-9bb7-4c46-885d-0b3044d0030e/resourceGroups/ansible_lab/providers/Microsoft.Network/networkInterfaces/nicWin"
            ],
            "os_disk": [
              {
                "caching": "ReadWrite",
                "diff_disk_settings": [],
                "disk_encryption_set_id": "",
                "disk_size_gb": 127,
                "name": "workerWin2016_OsDisk_1_a48bd83511134b19a07084d5fd82224d",
                "storage_account_type": "Standard_LRS",
                "write_accelerator_enabled": false
              }
            ],
            "patch_mode": "AutomaticByOS",
            "plan": [],
            "platform_fault_domain": -1,
            "priority": "Regular",
            "private_ip_address": "10.10.2.7",
            "private_ip_addresses": [
              "10.10.2.7"
            ],
            "provision_vm_agent": true,
            "proximity_placement_group_id": "",
            "public_ip_address": "",
            "public_ip_addresses": [],
            "resource_group_name": "ansible_lab",
            "secret": [],
            "secure_boot_enabled": false,
            "size": "Standard_F2",
            "source_image_id": "",
            "source_image_reference": [
              {
                "offer": "WindowsServer",
                "publisher": "MicrosoftWindowsServer",
                "sku": "2016-Datacenter",
                "version": "latest"
              }
            ],
            "tags": null,
            "termination_notification": null,
            "timeouts": null,
            "timezone": "",
            "user_data": "",
            "virtual_machine_id": "1bd1459d-fff3-481d-a17f-f455629d7a78",
            "virtual_machine_scale_set_id": "",
            "vtpm_enabled": false,
            "winrm_listener": [],
            "zone": ""
          },
          "sensitive_attributes": [],
          "private": "eyJlMmJmYjczMC1lY2FhLTExZTYtOGY4OC0zNDM2M2JjN2M0YzAiOnsiY3JlYXRlIjoyNzAwMDAwMDAwMDAwLCJkZWxldGUiOjI3MDAwMDAwMDAwMDAsInJlYWQiOjMwMDAwMDAwMDAwMCwidXBkYXRlIjoyNzAwMDAwMDAwMDAwfX0=",
          "dependencies": [
            "azurerm_network_interface.nicWin",
            "azurerm_resource_group.rg",
            "azurerm_subnet.subnet"
          ]
        }
      ]
    }
  ],
  "check_results": null
}
