{
  "version": 4,
  "terraform_version": "1.3.7",
  "serial": 181,
  "lineage": "1c3bc819-6c61-0418-583c-a633fb9e0f01",
  "outputs": {},
  "resources": [
    {
      "mode": "managed",
      "type": "azurerm_linux_virtual_machine",
      "name": "vms",
      "provider": "provider[\"registry.terraform.io/hashicorp/azurerm\"]",
      "instances": [
        {
          "index_key": "ansibleUbuntu",
          "schema_version": 0,
          "attributes": {
            "additional_capabilities": [],
            "admin_password": null,
            "admin_ssh_key": [
              {
                "public_key": "ssh-rsa AAAAB3NzaC1yc2EAAAADAQABAAABgQDKsERMCQqsyj0ik4b2vh2RdRNlsVsaP29x4X/7RcjmEuRycRNn/L9AovysVZil26xxbSAMifaD+khlDSX9YtGvRXwLMNiFod/bkKFrATyAp3FH4vQP72h+udvB+OAjuK3pHFGszdhXBzuePWITUEkvB2s9jKWIyNNL/BqXynB2+1s69NpaBOUZmeRTWHxv1YLO0PJcMay9fVgxAl5K8kcwawQvBSdZLGZRt8oASXcYyVXYuimCGRKb1wMOKY86r5vYMWQZ3zQ/RzSxa7bTxm28+P7gvCG8y4Ojkpjguk3OJp38fFBCnGo51RkoGIrZy900UnCNOdhRinE9dE5rh75pD7JWAN9RMP90KgCjp6Rcuo8LnLPK/wXv8GbbGaAlbnQ5fCUCylkP5xa/wgNUL1H2EHmdBjJSn/5du3Yz+FBu9/ZUI9MqKN6kaIFcH/cABlZrW1drtn0WRdj+qUlRyXwzO95OlRxG56LBNO8EMdRPgzV3hC4yG/0fWpyfd15NUSs= Edi@macbook-pro.home\n",
                "username": "eleimigsec"
              }
            ],
            "admin_username": "eleimigsec",
            "allow_extension_operations": true,
            "availability_set_id": "",
            "boot_diagnostics": [],
            "computer_name": "ansibleUbuntu",
            "custom_data": null,
            "dedicated_host_group_id": "",
            "dedicated_host_id": "",
            "disable_password_authentication": true,
            "edge_zone": "",
            "encryption_at_host_enabled": false,
            "eviction_policy": "",
            "extensions_time_budget": "PT1H30M",
            "id": "/subscriptions/3dcbe80f-9bb7-4c46-885d-0b3044d0030e/resourceGroups/ansible_lab/providers/Microsoft.Compute/virtualMachines/ansibleUbuntu",
            "identity": [],
            "license_type": "",
            "location": "swedencentral",
            "max_bid_price": -1,
            "name": "ansibleUbuntu",
            "network_interface_ids": [
              "/subscriptions/3dcbe80f-9bb7-4c46-885d-0b3044d0030e/resourceGroups/ansible_lab/providers/Microsoft.Network/networkInterfaces/nic_ansibleUbuntu"
            ],
            "os_disk": [
              {
                "caching": "ReadWrite",
                "diff_disk_settings": [],
                "disk_encryption_set_id": "",
                "disk_size_gb": 30,
                "name": "ansibleUbuntu_disk1_a5b4b21671444f5083db0c2b2ccd4401",
                "storage_account_type": "Standard_LRS",
                "write_accelerator_enabled": false
              }
            ],
            "patch_mode": "ImageDefault",
            "plan": [],
            "platform_fault_domain": -1,
            "priority": "Regular",
            "private_ip_address": "10.10.2.4",
            "private_ip_addresses": [
              "10.10.2.4"
            ],
            "provision_vm_agent": true,
            "proximity_placement_group_id": "",
            "public_ip_address": "20.240.63.34",
            "public_ip_addresses": [
              "20.240.63.34"
            ],
            "resource_group_name": "ansible_lab",
            "secret": [],
            "secure_boot_enabled": false,
            "size": "Standard_B2ms",
            "source_image_id": "",
            "source_image_reference": [
              {
                "offer": "0001-com-ubuntu-server-jammy",
                "publisher": "Canonical",
                "sku": "22_04-lts",
                "version": "latest"
              }
            ],
            "tags": null,
            "termination_notification": null,
            "timeouts": null,
            "user_data": "",
            "virtual_machine_id": "8b4ce2e6-b772-4814-8e93-e1c735c3d6cb",
            "virtual_machine_scale_set_id": "",
            "vtpm_enabled": false,
            "zone": ""
          },
          "sensitive_attributes": [],
          "private": "eyJlMmJmYjczMC1lY2FhLTExZTYtOGY4OC0zNDM2M2JjN2M0YzAiOnsiY3JlYXRlIjoyNzAwMDAwMDAwMDAwLCJkZWxldGUiOjI3MDAwMDAwMDAwMDAsInJlYWQiOjMwMDAwMDAwMDAwMCwidXBkYXRlIjoyNzAwMDAwMDAwMDAwfX0=",
          "dependencies": [
            "azurerm_network_interface.nic",
            "azurerm_public_ip.public_ip",
            "azurerm_resource_group.rg",
            "azurerm_subnet.subnet",
            "azurerm_virtual_network.vnet"
          ]
        },
        {
          "index_key": "workerCentos",
          "schema_version": 0,
          "attributes": {
            "additional_capabilities": [],
            "admin_password": null,
            "admin_ssh_key": [
              {
                "public_key": "ssh-rsa AAAAB3NzaC1yc2EAAAADAQABAAABgQDKsERMCQqsyj0ik4b2vh2RdRNlsVsaP29x4X/7RcjmEuRycRNn/L9AovysVZil26xxbSAMifaD+khlDSX9YtGvRXwLMNiFod/bkKFrATyAp3FH4vQP72h+udvB+OAjuK3pHFGszdhXBzuePWITUEkvB2s9jKWIyNNL/BqXynB2+1s69NpaBOUZmeRTWHxv1YLO0PJcMay9fVgxAl5K8kcwawQvBSdZLGZRt8oASXcYyVXYuimCGRKb1wMOKY86r5vYMWQZ3zQ/RzSxa7bTxm28+P7gvCG8y4Ojkpjguk3OJp38fFBCnGo51RkoGIrZy900UnCNOdhRinE9dE5rh75pD7JWAN9RMP90KgCjp6Rcuo8LnLPK/wXv8GbbGaAlbnQ5fCUCylkP5xa/wgNUL1H2EHmdBjJSn/5du3Yz+FBu9/ZUI9MqKN6kaIFcH/cABlZrW1drtn0WRdj+qUlRyXwzO95OlRxG56LBNO8EMdRPgzV3hC4yG/0fWpyfd15NUSs= Edi@macbook-pro.home\n",
                "username": "eleimigsec"
              }
            ],
            "admin_username": "eleimigsec",
            "allow_extension_operations": true,
            "availability_set_id": "",
            "boot_diagnostics": [],
            "computer_name": "workerCentos",
            "custom_data": null,
            "dedicated_host_group_id": "",
            "dedicated_host_id": "",
            "disable_password_authentication": true,
            "edge_zone": "",
            "encryption_at_host_enabled": false,
            "eviction_policy": "",
            "extensions_time_budget": "PT1H30M",
            "id": "/subscriptions/3dcbe80f-9bb7-4c46-885d-0b3044d0030e/resourceGroups/ansible_lab/providers/Microsoft.Compute/virtualMachines/workerCentos",
            "identity": [],
            "license_type": "",
            "location": "swedencentral",
            "max_bid_price": -1,
            "name": "workerCentos",
            "network_interface_ids": [
              "/subscriptions/3dcbe80f-9bb7-4c46-885d-0b3044d0030e/resourceGroups/ansible_lab/providers/Microsoft.Network/networkInterfaces/nic_workerCentos"
            ],
            "os_disk": [
              {
                "caching": "ReadWrite",
                "diff_disk_settings": [],
                "disk_encryption_set_id": "",
                "disk_size_gb": 30,
                "name": "workerCentos_disk1_2f4ba1146d224552b8b15c8fec7ae54f",
                "storage_account_type": "Standard_LRS",
                "write_accelerator_enabled": false
              }
            ],
            "patch_mode": "ImageDefault",
            "plan": [],
            "platform_fault_domain": -1,
            "priority": "Regular",
            "private_ip_address": "10.10.2.8",
            "private_ip_addresses": [
              "10.10.2.8"
            ],
            "provision_vm_agent": true,
            "proximity_placement_group_id": "",
            "public_ip_address": "20.240.63.65",
            "public_ip_addresses": [
              "20.240.63.65"
            ],
            "resource_group_name": "ansible_lab",
            "secret": [],
            "secure_boot_enabled": false,
            "size": "Standard_B2ms",
            "source_image_id": "",
            "source_image_reference": [
              {
                "offer": "CentOS",
                "publisher": "OpenLogic",
                "sku": "8_5-gen2",
                "version": "latest"
              }
            ],
            "tags": null,
            "termination_notification": null,
            "timeouts": null,
            "user_data": "",
            "virtual_machine_id": "ce550e4b-2e1a-4956-8395-5eeebab7b885",
            "virtual_machine_scale_set_id": "",
            "vtpm_enabled": false,
            "zone": ""
          },
          "sensitive_attributes": [],
          "private": "eyJlMmJmYjczMC1lY2FhLTExZTYtOGY4OC0zNDM2M2JjN2M0YzAiOnsiY3JlYXRlIjoyNzAwMDAwMDAwMDAwLCJkZWxldGUiOjI3MDAwMDAwMDAwMDAsInJlYWQiOjMwMDAwMDAwMDAwMCwidXBkYXRlIjoyNzAwMDAwMDAwMDAwfX0=",
          "dependencies": [
            "azurerm_network_interface.nic",
            "azurerm_public_ip.public_ip",
            "azurerm_resource_group.rg",
            "azurerm_subnet.subnet",
            "azurerm_virtual_network.vnet"
          ]
        },
        {
          "index_key": "workerDebian",
          "schema_version": 0,
          "attributes": {
            "additional_capabilities": [],
            "admin_password": null,
            "admin_ssh_key": [
              {
                "public_key": "ssh-rsa AAAAB3NzaC1yc2EAAAADAQABAAABgQDKsERMCQqsyj0ik4b2vh2RdRNlsVsaP29x4X/7RcjmEuRycRNn/L9AovysVZil26xxbSAMifaD+khlDSX9YtGvRXwLMNiFod/bkKFrATyAp3FH4vQP72h+udvB+OAjuK3pHFGszdhXBzuePWITUEkvB2s9jKWIyNNL/BqXynB2+1s69NpaBOUZmeRTWHxv1YLO0PJcMay9fVgxAl5K8kcwawQvBSdZLGZRt8oASXcYyVXYuimCGRKb1wMOKY86r5vYMWQZ3zQ/RzSxa7bTxm28+P7gvCG8y4Ojkpjguk3OJp38fFBCnGo51RkoGIrZy900UnCNOdhRinE9dE5rh75pD7JWAN9RMP90KgCjp6Rcuo8LnLPK/wXv8GbbGaAlbnQ5fCUCylkP5xa/wgNUL1H2EHmdBjJSn/5du3Yz+FBu9/ZUI9MqKN6kaIFcH/cABlZrW1drtn0WRdj+qUlRyXwzO95OlRxG56LBNO8EMdRPgzV3hC4yG/0fWpyfd15NUSs= Edi@macbook-pro.home\n",
                "username": "eleimigsec"
              }
            ],
            "admin_username": "eleimigsec",
            "allow_extension_operations": true,
            "availability_set_id": "",
            "boot_diagnostics": [],
            "computer_name": "workerDebian",
            "custom_data": null,
            "dedicated_host_group_id": "",
            "dedicated_host_id": "",
            "disable_password_authentication": true,
            "edge_zone": "",
            "encryption_at_host_enabled": false,
            "eviction_policy": "",
            "extensions_time_budget": "PT1H30M",
            "id": "/subscriptions/3dcbe80f-9bb7-4c46-885d-0b3044d0030e/resourceGroups/ansible_lab/providers/Microsoft.Compute/virtualMachines/workerDebian",
            "identity": [],
            "license_type": "",
            "location": "swedencentral",
            "max_bid_price": -1,
            "name": "workerDebian",
            "network_interface_ids": [
              "/subscriptions/3dcbe80f-9bb7-4c46-885d-0b3044d0030e/resourceGroups/ansible_lab/providers/Microsoft.Network/networkInterfaces/nic_workerDebian"
            ],
            "os_disk": [
              {
                "caching": "ReadWrite",
                "diff_disk_settings": [],
                "disk_encryption_set_id": "",
                "disk_size_gb": 30,
                "name": "workerDebian_disk1_31ae9d2f49d74696b0079860cd48dee7",
                "storage_account_type": "Standard_LRS",
                "write_accelerator_enabled": false
              }
            ],
            "patch_mode": "ImageDefault",
            "plan": [],
            "platform_fault_domain": -1,
            "priority": "Regular",
            "private_ip_address": "10.10.2.5",
            "private_ip_addresses": [
              "10.10.2.5"
            ],
            "provision_vm_agent": true,
            "proximity_placement_group_id": "",
            "public_ip_address": "20.240.63.74",
            "public_ip_addresses": [
              "20.240.63.74"
            ],
            "resource_group_name": "ansible_lab",
            "secret": [],
            "secure_boot_enabled": false,
            "size": "Standard_B2ms",
            "source_image_id": "",
            "source_image_reference": [
              {
                "offer": "debian-12",
                "publisher": "Debian",
                "sku": "12-gen2",
                "version": "latest"
              }
            ],
            "tags": null,
            "termination_notification": null,
            "timeouts": null,
            "user_data": "",
            "virtual_machine_id": "3824963e-1e76-41f7-a693-b414eb8d685c",
            "virtual_machine_scale_set_id": "",
            "vtpm_enabled": false,
            "zone": ""
          },
          "sensitive_attributes": [],
          "private": "eyJlMmJmYjczMC1lY2FhLTExZTYtOGY4OC0zNDM2M2JjN2M0YzAiOnsiY3JlYXRlIjoyNzAwMDAwMDAwMDAwLCJkZWxldGUiOjI3MDAwMDAwMDAwMDAsInJlYWQiOjMwMDAwMDAwMDAwMCwidXBkYXRlIjoyNzAwMDAwMDAwMDAwfX0=",
          "dependencies": [
            "azurerm_network_interface.nic",
            "azurerm_public_ip.public_ip",
            "azurerm_resource_group.rg",
            "azurerm_subnet.subnet",
            "azurerm_virtual_network.vnet"
          ]
        }
      ]
    },
    {
      "mode": "managed",
      "type": "azurerm_network_interface",
      "name": "nic",
      "provider": "provider[\"registry.terraform.io/hashicorp/azurerm\"]",
      "instances": [
        {
          "index_key": "ansibleUbuntu",
          "schema_version": 0,
          "attributes": {
            "applied_dns_servers": [],
            "dns_servers": [],
            "edge_zone": "",
            "enable_accelerated_networking": false,
            "enable_ip_forwarding": false,
            "id": "/subscriptions/3dcbe80f-9bb7-4c46-885d-0b3044d0030e/resourceGroups/ansible_lab/providers/Microsoft.Network/networkInterfaces/nic_ansibleUbuntu",
            "internal_dns_name_label": "",
            "internal_domain_name_suffix": "pc0oqsa33rgerijdmtlta5dvob.gvxx.internal.cloudapp.net",
            "ip_configuration": [
              {
                "gateway_load_balancer_frontend_ip_configuration_id": "",
                "name": "internal",
                "primary": true,
                "private_ip_address": "10.10.2.4",
                "private_ip_address_allocation": "Dynamic",
                "private_ip_address_version": "IPv4",
                "public_ip_address_id": "/subscriptions/3dcbe80f-9bb7-4c46-885d-0b3044d0030e/resourceGroups/ansible_lab/providers/Microsoft.Network/publicIPAddresses/publicIPUbuntu",
                "subnet_id": "/subscriptions/3dcbe80f-9bb7-4c46-885d-0b3044d0030e/resourceGroups/ansible_lab/providers/Microsoft.Network/virtualNetworks/vnetansiblelab/subnets/subnetansiblelab"
              }
            ],
            "location": "swedencentral",
            "mac_address": "",
            "name": "nic_ansibleUbuntu",
            "private_ip_address": "10.10.2.4",
            "private_ip_addresses": [
              "10.10.2.4"
            ],
            "resource_group_name": "ansible_lab",
            "tags": null,
            "timeouts": null,
            "virtual_machine_id": ""
          },
          "sensitive_attributes": [],
          "private": "eyJlMmJmYjczMC1lY2FhLTExZTYtOGY4OC0zNDM2M2JjN2M0YzAiOnsiY3JlYXRlIjoxODAwMDAwMDAwMDAwLCJkZWxldGUiOjE4MDAwMDAwMDAwMDAsInJlYWQiOjMwMDAwMDAwMDAwMCwidXBkYXRlIjoxODAwMDAwMDAwMDAwfX0=",
          "dependencies": [
            "azurerm_public_ip.public_ip",
            "azurerm_resource_group.rg",
            "azurerm_subnet.subnet",
            "azurerm_virtual_network.vnet"
          ]
        },
        {
          "index_key": "workerCentos",
          "schema_version": 0,
          "attributes": {
            "applied_dns_servers": [],
            "dns_servers": [],
            "edge_zone": "",
            "enable_accelerated_networking": false,
            "enable_ip_forwarding": false,
            "id": "/subscriptions/3dcbe80f-9bb7-4c46-885d-0b3044d0030e/resourceGroups/ansible_lab/providers/Microsoft.Network/networkInterfaces/nic_workerCentos",
            "internal_dns_name_label": "",
            "internal_domain_name_suffix": "pc0oqsa33rgerijdmtlta5dvob.gvxx.internal.cloudapp.net",
            "ip_configuration": [
              {
                "gateway_load_balancer_frontend_ip_configuration_id": "",
                "name": "internal",
                "primary": true,
                "private_ip_address": "10.10.2.8",
                "private_ip_address_allocation": "Dynamic",
                "private_ip_address_version": "IPv4",
                "public_ip_address_id": "/subscriptions/3dcbe80f-9bb7-4c46-885d-0b3044d0030e/resourceGroups/ansible_lab/providers/Microsoft.Network/publicIPAddresses/publicIPCentOS",
                "subnet_id": "/subscriptions/3dcbe80f-9bb7-4c46-885d-0b3044d0030e/resourceGroups/ansible_lab/providers/Microsoft.Network/virtualNetworks/vnetansiblelab/subnets/subnetansiblelab"
              }
            ],
            "location": "swedencentral",
            "mac_address": "",
            "name": "nic_workerCentos",
            "private_ip_address": "10.10.2.8",
            "private_ip_addresses": [
              "10.10.2.8"
            ],
            "resource_group_name": "ansible_lab",
            "tags": null,
            "timeouts": null,
            "virtual_machine_id": ""
          },
          "sensitive_attributes": [],
          "private": "eyJlMmJmYjczMC1lY2FhLTExZTYtOGY4OC0zNDM2M2JjN2M0YzAiOnsiY3JlYXRlIjoxODAwMDAwMDAwMDAwLCJkZWxldGUiOjE4MDAwMDAwMDAwMDAsInJlYWQiOjMwMDAwMDAwMDAwMCwidXBkYXRlIjoxODAwMDAwMDAwMDAwfX0=",
          "dependencies": [
            "azurerm_public_ip.public_ip",
            "azurerm_resource_group.rg",
            "azurerm_subnet.subnet",
            "azurerm_virtual_network.vnet"
          ]
        },
        {
          "index_key": "workerDebian",
          "schema_version": 0,
          "attributes": {
            "applied_dns_servers": [],
            "dns_servers": [],
            "edge_zone": "",
            "enable_accelerated_networking": false,
            "enable_ip_forwarding": false,
            "id": "/subscriptions/3dcbe80f-9bb7-4c46-885d-0b3044d0030e/resourceGroups/ansible_lab/providers/Microsoft.Network/networkInterfaces/nic_workerDebian",
            "internal_dns_name_label": "",
            "internal_domain_name_suffix": "pc0oqsa33rgerijdmtlta5dvob.gvxx.internal.cloudapp.net",
            "ip_configuration": [
              {
                "gateway_load_balancer_frontend_ip_configuration_id": "",
                "name": "internal",
                "primary": true,
                "private_ip_address": "10.10.2.5",
                "private_ip_address_allocation": "Dynamic",
                "private_ip_address_version": "IPv4",
                "public_ip_address_id": "/subscriptions/3dcbe80f-9bb7-4c46-885d-0b3044d0030e/resourceGroups/ansible_lab/providers/Microsoft.Network/publicIPAddresses/publicIPDebian",
                "subnet_id": "/subscriptions/3dcbe80f-9bb7-4c46-885d-0b3044d0030e/resourceGroups/ansible_lab/providers/Microsoft.Network/virtualNetworks/vnetansiblelab/subnets/subnetansiblelab"
              }
            ],
            "location": "swedencentral",
            "mac_address": "",
            "name": "nic_workerDebian",
            "private_ip_address": "10.10.2.5",
            "private_ip_addresses": [
              "10.10.2.5"
            ],
            "resource_group_name": "ansible_lab",
            "tags": null,
            "timeouts": null,
            "virtual_machine_id": ""
          },
          "sensitive_attributes": [],
          "private": "eyJlMmJmYjczMC1lY2FhLTExZTYtOGY4OC0zNDM2M2JjN2M0YzAiOnsiY3JlYXRlIjoxODAwMDAwMDAwMDAwLCJkZWxldGUiOjE4MDAwMDAwMDAwMDAsInJlYWQiOjMwMDAwMDAwMDAwMCwidXBkYXRlIjoxODAwMDAwMDAwMDAwfX0=",
          "dependencies": [
            "azurerm_public_ip.public_ip",
            "azurerm_resource_group.rg",
            "azurerm_subnet.subnet",
            "azurerm_virtual_network.vnet"
          ]
        },
        {
          "index_key": "workerWin2016",
          "schema_version": 0,
          "attributes": {
            "applied_dns_servers": [],
            "dns_servers": [],
            "edge_zone": "",
            "enable_accelerated_networking": false,
            "enable_ip_forwarding": false,
            "id": "/subscriptions/3dcbe80f-9bb7-4c46-885d-0b3044d0030e/resourceGroups/ansible_lab/providers/Microsoft.Network/networkInterfaces/nic_workerWin2016",
            "internal_dns_name_label": "",
            "internal_domain_name_suffix": "pc0oqsa33rgerijdmtlta5dvob.gvxx.internal.cloudapp.net",
            "ip_configuration": [
              {
                "gateway_load_balancer_frontend_ip_configuration_id": "",
                "name": "internal",
                "primary": true,
                "private_ip_address": "10.10.2.7",
                "private_ip_address_allocation": "Dynamic",
                "private_ip_address_version": "IPv4",
                "public_ip_address_id": "",
                "subnet_id": "/subscriptions/3dcbe80f-9bb7-4c46-885d-0b3044d0030e/resourceGroups/ansible_lab/providers/Microsoft.Network/virtualNetworks/vnetansiblelab/subnets/subnetansiblelab"
              }
            ],
            "location": "swedencentral",
            "mac_address": "",
            "name": "nic_workerWin2016",
            "private_ip_address": "10.10.2.7",
            "private_ip_addresses": [
              "10.10.2.7"
            ],
            "resource_group_name": "ansible_lab",
            "tags": null,
            "timeouts": null,
            "virtual_machine_id": ""
          },
          "sensitive_attributes": [],
          "private": "eyJlMmJmYjczMC1lY2FhLTExZTYtOGY4OC0zNDM2M2JjN2M0YzAiOnsiY3JlYXRlIjoxODAwMDAwMDAwMDAwLCJkZWxldGUiOjE4MDAwMDAwMDAwMDAsInJlYWQiOjMwMDAwMDAwMDAwMCwidXBkYXRlIjoxODAwMDAwMDAwMDAwfX0=",
          "dependencies": [
            "azurerm_public_ip.public_ip",
            "azurerm_resource_group.rg",
            "azurerm_subnet.subnet",
            "azurerm_virtual_network.vnet"
          ]
        }
      ]
    },
    {
      "mode": "managed",
      "type": "azurerm_network_interface",
      "name": "nicWin",
      "provider": "provider[\"registry.terraform.io/hashicorp/azurerm\"]",
      "instances": [
        {
          "schema_version": 0,
          "attributes": {
            "applied_dns_servers": [],
            "dns_servers": [],
            "edge_zone": "",
            "enable_accelerated_networking": false,
            "enable_ip_forwarding": false,
            "id": "/subscriptions/3dcbe80f-9bb7-4c46-885d-0b3044d0030e/resourceGroups/ansible_lab/providers/Microsoft.Network/networkInterfaces/nicWin",
            "internal_dns_name_label": "",
            "internal_domain_name_suffix": "pc0oqsa33rgerijdmtlta5dvob.gvxx.internal.cloudapp.net",
            "ip_configuration": [
              {
                "gateway_load_balancer_frontend_ip_configuration_id": "",
                "name": "internal",
                "primary": true,
                "private_ip_address": "10.10.2.6",
                "private_ip_address_allocation": "Dynamic",
                "private_ip_address_version": "IPv4",
                "public_ip_address_id": "/subscriptions/3dcbe80f-9bb7-4c46-885d-0b3044d0030e/resourceGroups/ansible_lab/providers/Microsoft.Network/publicIPAddresses/publicIPWindows",
                "subnet_id": "/subscriptions/3dcbe80f-9bb7-4c46-885d-0b3044d0030e/resourceGroups/ansible_lab/providers/Microsoft.Network/virtualNetworks/vnetansiblelab/subnets/subnetansiblelab"
              }
            ],
            "location": "swedencentral",
            "mac_address": "",
            "name": "nicWin",
            "private_ip_address": "10.10.2.6",
            "private_ip_addresses": [
              "10.10.2.6"
            ],
            "resource_group_name": "ansible_lab",
            "tags": null,
            "timeouts": null,
            "virtual_machine_id": ""
          },
          "sensitive_attributes": [],
          "private": "eyJlMmJmYjczMC1lY2FhLTExZTYtOGY4OC0zNDM2M2JjN2M0YzAiOnsiY3JlYXRlIjoxODAwMDAwMDAwMDAwLCJkZWxldGUiOjE4MDAwMDAwMDAwMDAsInJlYWQiOjMwMDAwMDAwMDAwMCwidXBkYXRlIjoxODAwMDAwMDAwMDAwfX0=",
          "dependencies": [
            "azurerm_public_ip.public_ip_windows",
            "azurerm_resource_group.rg",
            "azurerm_subnet.subnet",
            "azurerm_virtual_network.vnet"
          ]
        }
      ]
    },
    {
      "mode": "managed",
      "type": "azurerm_network_security_group",
      "name": "secgru",
      "provider": "provider[\"registry.terraform.io/hashicorp/azurerm\"]",
      "instances": [
        {
          "schema_version": 0,
          "attributes": {
            "id": "/subscriptions/3dcbe80f-9bb7-4c46-885d-0b3044d0030e/resourceGroups/ansible_lab/providers/Microsoft.Network/networkSecurityGroups/SecurityGroupAnsibleTest",
            "location": "swedencentral",
            "name": "SecurityGroupAnsibleTest",
            "resource_group_name": "ansible_lab",
            "security_rule": [
              {
                "access": "Allow",
                "description": "",
                "destination_address_prefix": "*",
                "destination_address_prefixes": [],
                "destination_application_security_group_ids": [],
                "destination_port_range": "*",
                "destination_port_ranges": [],
                "direction": "Inbound",
                "name": "ansibletest",
                "priority": 100,
                "protocol": "Tcp",
                "source_address_prefix": "*",
                "source_address_prefixes": [],
                "source_application_security_group_ids": [],
                "source_port_range": "*",
                "source_port_ranges": []
              },
              {
                "access": "Allow",
                "description": "",
                "destination_address_prefix": "*",
                "destination_address_prefixes": [],
                "destination_application_security_group_ids": [],
                "destination_port_range": "22",
                "destination_port_ranges": [],
                "direction": "Inbound",
                "name": "ansible_nsg_2",
                "priority": 110,
                "protocol": "Tcp",
                "source_address_prefix": "*",
                "source_address_prefixes": [],
                "source_application_security_group_ids": [],
                "source_port_range": "*",
                "source_port_ranges": []
              }
            ],
            "tags": null,
            "timeouts": null
          },
          "sensitive_attributes": [],
          "private": "eyJlMmJmYjczMC1lY2FhLTExZTYtOGY4OC0zNDM2M2JjN2M0YzAiOnsiY3JlYXRlIjoxODAwMDAwMDAwMDAwLCJkZWxldGUiOjE4MDAwMDAwMDAwMDAsInJlYWQiOjMwMDAwMDAwMDAwMCwidXBkYXRlIjoxODAwMDAwMDAwMDAwfX0=",
          "dependencies": [
            "azurerm_resource_group.rg"
          ]
        }
      ]
    },
    {
      "mode": "managed",
      "type": "azurerm_public_ip",
      "name": "public_ip",
      "provider": "provider[\"registry.terraform.io/hashicorp/azurerm\"]",
      "instances": [
        {
          "index_key": "centos",
          "schema_version": 0,
          "attributes": {
            "allocation_method": "Dynamic",
            "domain_name_label": null,
            "edge_zone": "",
            "fqdn": null,
            "id": "/subscriptions/3dcbe80f-9bb7-4c46-885d-0b3044d0030e/resourceGroups/ansible_lab/providers/Microsoft.Network/publicIPAddresses/publicIPCentOS",
            "idle_timeout_in_minutes": 4,
            "ip_address": "",
            "ip_tags": null,
            "ip_version": "IPv4",
            "location": "swedencentral",
            "name": "publicIPCentOS",
            "public_ip_prefix_id": null,
            "resource_group_name": "ansible_lab",
            "reverse_fqdn": null,
            "sku": "Basic",
            "sku_tier": "Regional",
            "tags": null,
            "timeouts": null,
            "zones": null
          },
          "sensitive_attributes": [],
          "private": "eyJlMmJmYjczMC1lY2FhLTExZTYtOGY4OC0zNDM2M2JjN2M0YzAiOnsiY3JlYXRlIjoxODAwMDAwMDAwMDAwLCJkZWxldGUiOjE4MDAwMDAwMDAwMDAsInJlYWQiOjMwMDAwMDAwMDAwMCwidXBkYXRlIjoxODAwMDAwMDAwMDAwfX0=",
          "dependencies": [
            "azurerm_resource_group.rg"
          ]
        },
        {
          "index_key": "debian",
          "schema_version": 0,
          "attributes": {
            "allocation_method": "Dynamic",
            "domain_name_label": null,
            "edge_zone": "",
            "fqdn": null,
            "id": "/subscriptions/3dcbe80f-9bb7-4c46-885d-0b3044d0030e/resourceGroups/ansible_lab/providers/Microsoft.Network/publicIPAddresses/publicIPDebian",
            "idle_timeout_in_minutes": 4,
            "ip_address": "",
            "ip_tags": null,
            "ip_version": "IPv4",
            "location": "swedencentral",
            "name": "publicIPDebian",
            "public_ip_prefix_id": null,
            "resource_group_name": "ansible_lab",
            "reverse_fqdn": null,
            "sku": "Basic",
            "sku_tier": "Regional",
            "tags": null,
            "timeouts": null,
            "zones": null
          },
          "sensitive_attributes": [],
          "private": "eyJlMmJmYjczMC1lY2FhLTExZTYtOGY4OC0zNDM2M2JjN2M0YzAiOnsiY3JlYXRlIjoxODAwMDAwMDAwMDAwLCJkZWxldGUiOjE4MDAwMDAwMDAwMDAsInJlYWQiOjMwMDAwMDAwMDAwMCwidXBkYXRlIjoxODAwMDAwMDAwMDAwfX0=",
          "dependencies": [
            "azurerm_resource_group.rg"
          ]
        },
        {
          "index_key": "ubuntu",
          "schema_version": 0,
          "attributes": {
            "allocation_method": "Dynamic",
            "domain_name_label": null,
            "edge_zone": "",
            "fqdn": null,
            "id": "/subscriptions/3dcbe80f-9bb7-4c46-885d-0b3044d0030e/resourceGroups/ansible_lab/providers/Microsoft.Network/publicIPAddresses/publicIPUbuntu",
            "idle_timeout_in_minutes": 4,
            "ip_address": "",
            "ip_tags": null,
            "ip_version": "IPv4",
            "location": "swedencentral",
            "name": "publicIPUbuntu",
            "public_ip_prefix_id": null,
            "resource_group_name": "ansible_lab",
            "reverse_fqdn": null,
            "sku": "Basic",
            "sku_tier": "Regional",
            "tags": null,
            "timeouts": null,
            "zones": null
          },
          "sensitive_attributes": [],
          "private": "eyJlMmJmYjczMC1lY2FhLTExZTYtOGY4OC0zNDM2M2JjN2M0YzAiOnsiY3JlYXRlIjoxODAwMDAwMDAwMDAwLCJkZWxldGUiOjE4MDAwMDAwMDAwMDAsInJlYWQiOjMwMDAwMDAwMDAwMCwidXBkYXRlIjoxODAwMDAwMDAwMDAwfX0=",
          "dependencies": [
            "azurerm_resource_group.rg"
          ]
        },
        {
          "index_key": "windows",
          "schema_version": 0,
          "attributes": {
            "allocation_method": "Dynamic",
            "domain_name_label": null,
            "edge_zone": "",
            "fqdn": null,
            "id": "/subscriptions/3dcbe80f-9bb7-4c46-885d-0b3044d0030e/resourceGroups/ansible_lab/providers/Microsoft.Network/publicIPAddresses/publicIPWindows",
            "idle_timeout_in_minutes": 4,
            "ip_address": "",
            "ip_tags": null,
            "ip_version": "IPv4",
            "location": "swedencentral",
            "name": "publicIPWindows",
            "public_ip_prefix_id": null,
            "resource_group_name": "ansible_lab",
            "reverse_fqdn": null,
            "sku": "Basic",
            "sku_tier": "Regional",
            "tags": null,
            "timeouts": null,
            "zones": null
          },
          "sensitive_attributes": [],
          "private": "eyJlMmJmYjczMC1lY2FhLTExZTYtOGY4OC0zNDM2M2JjN2M0YzAiOnsiY3JlYXRlIjoxODAwMDAwMDAwMDAwLCJkZWxldGUiOjE4MDAwMDAwMDAwMDAsInJlYWQiOjMwMDAwMDAwMDAwMCwidXBkYXRlIjoxODAwMDAwMDAwMDAwfX0=",
          "dependencies": [
            "azurerm_resource_group.rg"
          ]
        }
      ]
    },
    {
      "mode": "managed",
      "type": "azurerm_public_ip",
      "name": "public_ip_windows",
      "provider": "provider[\"registry.terraform.io/hashicorp/azurerm\"]",
      "instances": [
        {
          "index_key": 0,
          "schema_version": 0,
          "attributes": {
            "allocation_method": "Dynamic",
            "domain_name_label": null,
            "edge_zone": "",
            "fqdn": null,
            "id": "/subscriptions/3dcbe80f-9bb7-4c46-885d-0b3044d0030e/resourceGroups/ansible_lab/providers/Microsoft.Network/publicIPAddresses/publicIPWindows",
            "idle_timeout_in_minutes": 4,
            "ip_address": "",
            "ip_tags": null,
            "ip_version": "IPv4",
            "location": "swedencentral",
            "name": "publicIPWindows",
            "public_ip_prefix_id": null,
            "resource_group_name": "ansible_lab",
            "reverse_fqdn": null,
            "sku": "Basic",
            "sku_tier": "Regional",
            "tags": null,
            "timeouts": null,
            "zones": null
          },
          "sensitive_attributes": [],
          "private": "eyJlMmJmYjczMC1lY2FhLTExZTYtOGY4OC0zNDM2M2JjN2M0YzAiOnsiY3JlYXRlIjoxODAwMDAwMDAwMDAwLCJkZWxldGUiOjE4MDAwMDAwMDAwMDAsInJlYWQiOjMwMDAwMDAwMDAwMCwidXBkYXRlIjoxODAwMDAwMDAwMDAwfX0=",
          "dependencies": [
            "azurerm_resource_group.rg"
          ]
        }
      ]
    },
    {
      "mode": "managed",
      "type": "azurerm_resource_group",
      "name": "rg",
      "provider": "provider[\"registry.terraform.io/hashicorp/azurerm\"]",
      "instances": [
        {
          "schema_version": 0,
          "attributes": {
            "id": "/subscriptions/3dcbe80f-9bb7-4c46-885d-0b3044d0030e/resourceGroups/ansible_lab",
            "location": "swedencentral",
            "name": "ansible_lab",
            "tags": null,
            "timeouts": null
          },
          "sensitive_attributes": [],
          "private": "eyJlMmJmYjczMC1lY2FhLTExZTYtOGY4OC0zNDM2M2JjN2M0YzAiOnsiY3JlYXRlIjo1NDAwMDAwMDAwMDAwLCJkZWxldGUiOjU0MDAwMDAwMDAwMDAsInJlYWQiOjMwMDAwMDAwMDAwMCwidXBkYXRlIjo1NDAwMDAwMDAwMDAwfX0="
        }
      ]
    },
    {
      "mode": "managed",
      "type": "azurerm_subnet",
      "name": "subnet",
      "provider": "provider[\"registry.terraform.io/hashicorp/azurerm\"]",
      "instances": [
        {
          "schema_version": 0,
          "attributes": {
            "address_prefixes": [
              "10.10.2.0/24"
            ],
            "delegation": [],
            "enforce_private_link_endpoint_network_policies": false,
            "enforce_private_link_service_network_policies": false,
            "id": "/subscriptions/3dcbe80f-9bb7-4c46-885d-0b3044d0030e/resourceGroups/ansible_lab/providers/Microsoft.Network/virtualNetworks/vnetansiblelab/subnets/subnetansiblelab",
            "name": "subnetansiblelab",
            "resource_group_name": "ansible_lab",
            "service_endpoint_policy_ids": null,
            "service_endpoints": null,
            "timeouts": null,
            "virtual_network_name": "vnetansiblelab"
          },
          "sensitive_attributes": [],
          "private": "eyJlMmJmYjczMC1lY2FhLTExZTYtOGY4OC0zNDM2M2JjN2M0YzAiOnsiY3JlYXRlIjoxODAwMDAwMDAwMDAwLCJkZWxldGUiOjE4MDAwMDAwMDAwMDAsInJlYWQiOjMwMDAwMDAwMDAwMCwidXBkYXRlIjoxODAwMDAwMDAwMDAwfX0=",
          "dependencies": [
            "azurerm_resource_group.rg",
            "azurerm_virtual_network.vnet"
          ]
        }
      ]
    },
    {
      "mode": "managed",
      "type": "azurerm_virtual_network",
      "name": "vnet",
      "provider": "provider[\"registry.terraform.io/hashicorp/azurerm\"]",
      "instances": [
        {
          "schema_version": 0,
          "attributes": {
            "address_space": [
              "10.10.0.0/16"
            ],
            "bgp_community": "",
            "ddos_protection_plan": [],
            "dns_servers": [],
            "edge_zone": "",
            "flow_timeout_in_minutes": 0,
            "guid": "48e8b478-ec1d-484c-a123-64d7307c7571",
            "id": "/subscriptions/3dcbe80f-9bb7-4c46-885d-0b3044d0030e/resourceGroups/ansible_lab/providers/Microsoft.Network/virtualNetworks/vnetansiblelab",
            "location": "swedencentral",
            "name": "vnetansiblelab",
            "resource_group_name": "ansible_lab",
            "subnet": [],
            "tags": null,
            "timeouts": null
          },
          "sensitive_attributes": [],
          "private": "eyJlMmJmYjczMC1lY2FhLTExZTYtOGY4OC0zNDM2M2JjN2M0YzAiOnsiY3JlYXRlIjoxODAwMDAwMDAwMDAwLCJkZWxldGUiOjE4MDAwMDAwMDAwMDAsInJlYWQiOjMwMDAwMDAwMDAwMCwidXBkYXRlIjoxODAwMDAwMDAwMDAwfX0=",
          "dependencies": [
            "azurerm_resource_group.rg"
          ]
        }
      ]
    },
    {
      "mode": "managed",
      "type": "azurerm_windows_virtual_machine",
      "name": "win_vm",
      "provider": "provider[\"registry.terraform.io/hashicorp/azurerm\"]",
      "instances": [
        {
          "schema_version": 0,
          "attributes": {
            "additional_capabilities": [],
            "additional_unattend_content": [],
            "admin_password": "#Edi86252315",
            "admin_username": "eleimigsec",
            "allow_extension_operations": true,
            "availability_set_id": "",
            "boot_diagnostics": [],
            "computer_name": "workerWin2016",
            "custom_data": null,
            "dedicated_host_group_id": "",
            "dedicated_host_id": "",
            "edge_zone": "",
            "enable_automatic_updates": true,
            "encryption_at_host_enabled": false,
            "eviction_policy": "",
            "extensions_time_budget": "PT1H30M",
            "hotpatching_enabled": false,
            "id": "/subscriptions/3dcbe80f-9bb7-4c46-885d-0b3044d0030e/resourceGroups/ansible_lab/providers/Microsoft.Compute/virtualMachines/workerWin2016",
            "identity": [],
            "license_type": "",
            "location": "swedencentral",
            "max_bid_price": -1,
            "name": "workerWin2016",
            "network_interface_ids": [
              "/subscriptions/3dcbe80f-9bb7-4c46-885d-0b3044d0030e/resourceGroups/ansible_lab/providers/Microsoft.Network/networkInterfaces/nicWin"
            ],
            "os_disk": [
              {
                "caching": "ReadWrite",
                "diff_disk_settings": [],
                "disk_encryption_set_id": "",
                "disk_size_gb": 127,
                "name": "workerWin2016_disk1_724a3b665a494c678747960ae469d51c",
                "storage_account_type": "Standard_LRS",
                "write_accelerator_enabled": false
              }
            ],
            "patch_mode": "AutomaticByOS",
            "plan": [],
            "platform_fault_domain": -1,
            "priority": "Regular",
            "private_ip_address": "10.10.2.6",
            "private_ip_addresses": [
              "10.10.2.6"
            ],
            "provision_vm_agent": true,
            "proximity_placement_group_id": "",
            "public_ip_address": "20.240.63.33",
            "public_ip_addresses": [
              "20.240.63.33"
            ],
            "resource_group_name": "ansible_lab",
            "secret": [],
            "secure_boot_enabled": false,
            "size": "Standard_F2",
            "source_image_id": "",
            "source_image_reference": [
              {
                "offer": "WindowsServer",
                "publisher": "MicrosoftWindowsServer",
                "sku": "2016-Datacenter",
                "version": "latest"
              }
            ],
            "tags": null,
            "termination_notification": null,
            "timeouts": null,
            "timezone": "",
            "user_data": "",
            "virtual_machine_id": "5d812d18-a754-4e79-8aad-7c8f4c3ba279",
            "virtual_machine_scale_set_id": "",
            "vtpm_enabled": false,
            "winrm_listener": [],
            "zone": ""
          },
          "sensitive_attributes": [],
          "private": "eyJlMmJmYjczMC1lY2FhLTExZTYtOGY4OC0zNDM2M2JjN2M0YzAiOnsiY3JlYXRlIjoyNzAwMDAwMDAwMDAwLCJkZWxldGUiOjI3MDAwMDAwMDAwMDAsInJlYWQiOjMwMDAwMDAwMDAwMCwidXBkYXRlIjoyNzAwMDAwMDAwMDAwfX0=",
          "dependencies": [
            "azurerm_network_interface.nicWin",
            "azurerm_public_ip.public_ip_windows",
            "azurerm_resource_group.rg",
            "azurerm_subnet.subnet",
            "azurerm_virtual_network.vnet"
          ]
        }
      ]
    }
  ],
  "check_results": null
}
